{
  "lockfile-version": 1,
  "manifest": {
    "version": 1,
    "install": {
      "claude-code": {
        "pkg-path": "claude-code",
        "pkg-group": "common",
        "version": "^2.0.37"
      },
      "docker": {
        "pkg-path": "docker",
        "pkg-group": "common",
        "version": "^28.5.1"
      },
      "git": {
        "pkg-path": "git",
        "pkg-group": "common",
        "version": "^2.51.0"
      },
      "go": {
        "pkg-path": "go",
        "version": "1.25"
      },
      "go-task": {
        "pkg-path": "go-task",
        "pkg-group": "common",
        "version": "^3.45.4"
      },
      "golangci-lint": {
        "pkg-path": "golangci-lint",
        "pkg-group": "common",
        "version": "^2.6.0"
      }
    },
    "hook": {
      "on-activate": "  echo \"🌟 Welcome to grafana-agent development environment!\"\n  echo \"Go version: $(go version)\"\n"
    },
    "options": {}
  },
  "packages": [
    {
      "attr_path": "claude-code",
      "broken": false,
      "derivation": "/nix/store/sz58zlpxjdjc592dbxjinpri2kniy29c-claude-code-2.0.37.drv",
      "description": "Agentic coding tool that lives in your terminal, understands your codebase, and helps you code faster",
      "install_id": "claude-code",
      "license": "Unfree",
      "locked_url": "https://github.com/flox/nixpkgs?rev=c5ae371f1a6a7fd27823bc500d9390b38c05fa55",
      "name": "claude-code-2.0.37",
      "pname": "claude-code",
      "rev": "c5ae371f1a6a7fd27823bc500d9390b38c05fa55",
      "rev_count": 895122,
      "rev_date": "2025-11-12T20:02:36Z",
      "scrape_date": "2025-11-14T16:41:15.731806Z",
      "stabilities": [
        "staging",
        "unstable"
      ],
      "unfree": true,
      "version": "2.0.37",
      "outputs_to_install": [
        "out"
      ],
      "outputs": {
        "out": "/nix/store/ax3qwwal726crahj7y8a9prk2szc1pw1-claude-code-2.0.37"
      },
      "system": "aarch64-darwin",
      "group": "common",
      "priority": 5
    },
    {
      "attr_path": "claude-code",
      "broken": false,
      "derivation": "/nix/store/88fhg5v0zxmyqvwkg1r266c0rfdyd407-claude-code-2.0.37.drv",
      "description": "Agentic coding tool that lives in your terminal, understands your codebase, and helps you code faster",
      "install_id": "claude-code",
      "license": "Unfree",
      "locked_url": "https://github.com/flox/nixpkgs?rev=c5ae371f1a6a7fd27823bc500d9390b38c05fa55",
      "name": "claude-code-2.0.37",
      "pname": "claude-code",
      "rev": "c5ae371f1a6a7fd27823bc500d9390b38c05fa55",
      "rev_count": 895122,
      "rev_date": "2025-11-12T20:02:36Z",
      "scrape_date": "2025-11-14T17:18:25.745127Z",
      "stabilities": [
        "staging",
        "unstable"
      ],
      "unfree": true,
      "version": "2.0.37",
      "outputs_to_install": [
        "out"
      ],
      "outputs": {
        "out": "/nix/store/wnz6ck9z5jgbd9nlyrdw7pwcf842kil4-claude-code-2.0.37"
      },
      "system": "aarch64-linux",
      "group": "common",
      "priority": 5
    },
    {
      "attr_path": "claude-code",
      "broken": false,
      "derivation": "/nix/store/lsc2cn3mmk9vzk21fk4g0rrn156ida51-claude-code-2.0.37.drv",
      "description": "Agentic coding tool that lives in your terminal, understands your codebase, and helps you code faster",
      "install_id": "claude-code",
      "license": "Unfree",
      "locked_url": "https://github.com/flox/nixpkgs?rev=c5ae371f1a6a7fd27823bc500d9390b38c05fa55",
      "name": "claude-code-2.0.37",
      "pname": "claude-code",
      "rev": "c5ae371f1a6a7fd27823bc500d9390b38c05fa55",
      "rev_count": 895122,
      "rev_date": "2025-11-12T20:02:36Z",
      "scrape_date": "2025-11-14T17:52:16.953152Z",
      "stabilities": [
        "staging",
        "unstable"
      ],
      "unfree": true,
      "version": "2.0.37",
      "outputs_to_install": [
        "out"
      ],
      "outputs": {
        "out": "/nix/store/px034m72kd6r9rgkljpc1w4slvwmsc4r-claude-code-2.0.37"
      },
      "system": "x86_64-darwin",
      "group": "common",
      "priority": 5
    },
    {
      "attr_path": "claude-code",
      "broken": false,
      "derivation": "/nix/store/idbn5c3psrl720ij1l7hqc80ra8yjgx3-claude-code-2.0.37.drv",
      "description": "Agentic coding tool that lives in your terminal, understands your codebase, and helps you code faster",
      "install_id": "claude-code",
      "license": "Unfree",
      "locked_url": "https://github.com/flox/nixpkgs?rev=c5ae371f1a6a7fd27823bc500d9390b38c05fa55",
      "name": "claude-code-2.0.37",
      "pname": "claude-code",
      "rev": "c5ae371f1a6a7fd27823bc500d9390b38c05fa55",
      "rev_count": 895122,
      "rev_date": "2025-11-12T20:02:36Z",
      "scrape_date": "2025-11-14T18:31:37.063852Z",
      "stabilities": [
        "staging",
        "unstable"
      ],
      "unfree": true,
      "version": "2.0.37",
      "outputs_to_install": [
        "out"
      ],
      "outputs": {
        "out": "/nix/store/naj3abmnkp0dzznz8namssf0hk53db9w-claude-code-2.0.37"
      },
      "system": "x86_64-linux",
      "group": "common",
      "priority": 5
    },
    {
      "attr_path": "docker",
      "broken": false,
      "derivation": "/nix/store/54f5ygzy38pw0aijr79mzm5q928fphrx-docker-28.5.1.drv",
      "description": "Open source project to pack, ship and run any application as a lightweight container",
      "install_id": "docker",
      "license": "Apache-2.0",
      "locked_url": "https://github.com/flox/nixpkgs?rev=c5ae371f1a6a7fd27823bc500d9390b38c05fa55",
      "name": "docker-28.5.1",
      "pname": "docker",
      "rev": "c5ae371f1a6a7fd27823bc500d9390b38c05fa55",
      "rev_count": 895122,
      "rev_date": "2025-11-12T20:02:36Z",
      "scrape_date": "2025-11-14T16:41:16.095468Z",
      "stabilities": [
        "staging",
        "unstable"
      ],
      "unfree": false,
      "version": "28.5.1",
      "outputs_to_install": [
        "out"
      ],
      "outputs": {
        "out": "/nix/store/zak9as98w3jip87vmjfljrs9z3xcl6xs-docker-28.5.1"
      },
      "system": "aarch64-darwin",
      "group": "common",
      "priority": 5
    },
    {
      "attr_path": "docker",
      "broken": false,
      "derivation": "/nix/store/kh3rx42kjarlhnd3pfgaarj35g4jjmld-docker-28.5.1.drv",
      "description": "Open source project to pack, ship and run any application as a lightweight container",
      "install_id": "docker",
      "license": "Apache-2.0",
      "locked_url": "https://github.com/flox/nixpkgs?rev=c5ae371f1a6a7fd27823bc500d9390b38c05fa55",
      "name": "docker-28.5.1",
      "pname": "docker",
      "rev": "c5ae371f1a6a7fd27823bc500d9390b38c05fa55",
      "rev_count": 895122,
      "rev_date": "2025-11-12T20:02:36Z",
      "scrape_date": "2025-11-14T17:18:26.208845Z",
      "stabilities": [
        "staging",
        "unstable"
      ],
      "unfree": false,
      "version": "28.5.1",
      "outputs_to_install": [
        "out"
      ],
      "outputs": {
        "out": "/nix/store/30nwn7fv83l7vgmzmhspibnk7ar65bg8-docker-28.5.1"
      },
      "system": "aarch64-linux",
      "group": "common",
      "priority": 5
    },
    {
      "attr_path": "docker",
      "broken": false,
      "derivation": "/nix/store/qvm4n99rf7635x1lmwnc243dz988hnh5-docker-28.5.1.drv",
      "description": "Open source project to pack, ship and run any application as a lightweight container",
      "install_id": "docker",
      "license": "Apache-2.0",
      "locked_url": "https://github.com/flox/nixpkgs?rev=c5ae371f1a6a7fd27823bc500d9390b38c05fa55",
      "name": "docker-28.5.1",
      "pname": "docker",
      "rev": "c5ae371f1a6a7fd27823bc500d9390b38c05fa55",
      "rev_count": 895122,
      "rev_date": "2025-11-12T20:02:36Z",
      "scrape_date": "2025-11-14T17:52:17.213797Z",
      "stabilities": [
        "staging",
        "unstable"
      ],
      "unfree": false,
      "version": "28.5.1",
      "outputs_to_install": [
        "out"
      ],
      "outputs": {
        "out": "/nix/store/iq5ra8j65svh28vs45fg2c4kvdfs1a2d-docker-28.5.1"
      },
      "system": "x86_64-darwin",
      "group": "common",
      "priority": 5
    },
    {
      "attr_path": "docker",
      "broken": false,
      "derivation": "/nix/store/w4h9jswmas7wxijlyw78imi2dl7azidi-docker-28.5.1.drv",
      "description": "Open source project to pack, ship and run any application as a lightweight container",
      "install_id": "docker",
      "license": "Apache-2.0",
      "locked_url": "https://github.com/flox/nixpkgs?rev=c5ae371f1a6a7fd27823bc500d9390b38c05fa55",
      "name": "docker-28.5.1",
      "pname": "docker",
      "rev": "c5ae371f1a6a7fd27823bc500d9390b38c05fa55",
      "rev_count": 895122,
      "rev_date": "2025-11-12T20:02:36Z",
      "scrape_date": "2025-11-14T18:31:37.490254Z",
      "stabilities": [
        "staging",
        "unstable"
      ],
      "unfree": false,
      "version": "28.5.1",
      "outputs_to_install": [
        "out"
      ],
      "outputs": {
        "out": "/nix/store/fzi1xdg39zxhxkvypbx47k0as21jd2a1-docker-28.5.1"
      },
      "system": "x86_64-linux",
      "group": "common",
      "priority": 5
    },
    {
      "attr_path": "git",
      "broken": false,
      "derivation": "/nix/store/17j6wak8miibg1wmx3fw4wpwilx5nbdb-git-2.51.2.drv",
      "description": "Distributed version control system",
      "install_id": "git",
      "license": "GPL-2.0",
      "locked_url": "https://github.com/flox/nixpkgs?rev=c5ae371f1a6a7fd27823bc500d9390b38c05fa55",
      "name": "git-2.51.2",
      "pname": "git",
      "rev": "c5ae371f1a6a7fd27823bc500d9390b38c05fa55",
      "rev_count": 895122,
      "rev_date": "2025-11-12T20:02:36Z",
      "scrape_date": "2025-11-14T16:41:16.634384Z",
      "stabilities": [
        "staging",
        "unstable"
      ],
      "unfree": false,
      "version": "2.51.2",
      "outputs_to_install": [
        "out"
      ],
      "outputs": {
        "doc": "/nix/store/6x44hx2f6g1y1viiaian2bvypb8djq39-git-2.51.2-doc",
        "out": "/nix/store/k2vlwnvjcmnig77p65zipibvvim8rxq7-git-2.51.2"
      },
      "system": "aarch64-darwin",
      "group": "common",
      "priority": 5
    },
    {
      "attr_path": "git",
      "broken": false,
      "derivation": "/nix/store/daw8d80k1hhw9bahfzinrg0jyc3l7xiq-git-2.51.2.drv",
      "description": "Distributed version control system",
      "install_id": "git",
      "license": "GPL-2.0",
      "locked_url": "https://github.com/flox/nixpkgs?rev=c5ae371f1a6a7fd27823bc500d9390b38c05fa55",
      "name": "git-2.51.2",
      "pname": "git",
      "rev": "c5ae371f1a6a7fd27823bc500d9390b38c05fa55",
      "rev_count": 895122,
      "rev_date": "2025-11-12T20:02:36Z",
      "scrape_date": "2025-11-14T17:18:27.019712Z",
      "stabilities": [
        "staging",
        "unstable"
      ],
      "unfree": false,
      "version": "2.51.2",
      "outputs_to_install": [
        "out"
      ],
      "outputs": {
        "debug": "/nix/store/vspa1pprrnj7xz3bhqayzih5mi7vhvvh-git-2.51.2-debug",
        "doc": "/nix/store/6zdv508cvrgfsnvvv5003ivsfcqngfvs-git-2.51.2-doc",
        "out": "/nix/store/55j9qicj9fghz8yk3xsn2y9ab5mj4jdr-git-2.51.2"
      },
      "system": "aarch64-linux",
      "group": "common",
      "priority": 5
    },
    {
      "attr_path": "git",
      "broken": false,
      "derivation": "/nix/store/dg186p6kjj7g0sl4vvsv643ak1p58dkg-git-2.51.2.drv",
      "description": "Distributed version control system",
      "install_id": "git",
      "license": "GPL-2.0",
      "locked_url": "https://github.com/flox/nixpkgs?rev=c5ae371f1a6a7fd27823bc500d9390b38c05fa55",
      "name": "git-2.51.2",
      "pname": "git",
      "rev": "c5ae371f1a6a7fd27823bc500d9390b38c05fa55",
      "rev_count": 895122,
      "rev_date": "2025-11-12T20:02:36Z",
      "scrape_date": "2025-11-14T17:52:17.726674Z",
      "stabilities": [
        "staging",
        "unstable"
      ],
      "unfree": false,
      "version": "2.51.2",
      "outputs_to_install": [
        "out"
      ],
      "outputs": {
        "doc": "/nix/store/np4lannd0w8jpagqw7mry4gklr903s2n-git-2.51.2-doc",
        "out": "/nix/store/sz4zzn7y6gal019wmqzxvcxc97wkgp9n-git-2.51.2"
      },
      "system": "x86_64-darwin",
      "group": "common",
      "priority": 5
    },
    {
      "attr_path": "git",
      "broken": false,
      "derivation": "/nix/store/i8j12xa8kfb8qya1scl5ig9xpwrsjf7r-git-2.51.2.drv",
      "description": "Distributed version control system",
      "install_id": "git",
      "license": "GPL-2.0",
      "locked_url": "https://github.com/flox/nixpkgs?rev=c5ae371f1a6a7fd27823bc500d9390b38c05fa55",
      "name": "git-2.51.2",
      "pname": "git",
      "rev": "c5ae371f1a6a7fd27823bc500d9390b38c05fa55",
      "rev_count": 895122,
      "rev_date": "2025-11-12T20:02:36Z",
      "scrape_date": "2025-11-14T18:31:38.364996Z",
      "stabilities": [
        "staging",
        "unstable"
      ],
      "unfree": false,
      "version": "2.51.2",
      "outputs_to_install": [
        "out"
      ],
      "outputs": {
        "debug": "/nix/store/f6zjr2bcd31qpvj4d4qsvqhfnnyc1kaz-git-2.51.2-debug",
        "doc": "/nix/store/9bir646idszbrn3j3wz98xq4m0kvzgrp-git-2.51.2-doc",
        "out": "/nix/store/q6jjgnyivwx7r4wynsi6g36k6srfy7mk-git-2.51.2"
      },
      "system": "x86_64-linux",
      "group": "common",
      "priority": 5
    },
    {
      "attr_path": "go-task",
      "broken": false,
      "derivation": "/nix/store/w5wqwqqbvqnzzbzm397jzdx11c3l9yp2-go-task-3.45.4.drv",
      "description": "Task runner / simpler Make alternative written in Go",
      "install_id": "go-task",
      "license": "MIT",
      "locked_url": "https://github.com/flox/nixpkgs?rev=c5ae371f1a6a7fd27823bc500d9390b38c05fa55",
      "name": "go-task-3.45.4",
      "pname": "go-task",
      "rev": "c5ae371f1a6a7fd27823bc500d9390b38c05fa55",
      "rev_count": 895122,
      "rev_date": "2025-11-12T20:02:36Z",
      "scrape_date": "2025-11-14T16:41:16.774963Z",
      "stabilities": [
        "staging",
        "unstable"
      ],
      "unfree": false,
      "version": "3.45.4",
      "outputs_to_install": [
        "out"
      ],
      "outputs": {
        "out": "/nix/store/1l1dwhw28y0r0d87sz6kzshdvykr5hyv-go-task-3.45.4"
      },
      "system": "aarch64-darwin",
      "group": "common",
      "priority": 5
    },
    {
      "attr_path": "go-task",
      "broken": false,
      "derivation": "/nix/store/3wyykgdkpbnjnrrycflsnri6fydslzkv-go-task-3.45.4.drv",
      "description": "Task runner / simpler Make alternative written in Go",
      "install_id": "go-task",
      "license": "MIT",
      "locked_url": "https://github.com/flox/nixpkgs?rev=c5ae371f1a6a7fd27823bc500d9390b38c05fa55",
      "name": "go-task-3.45.4",
      "pname": "go-task",
      "rev": "c5ae371f1a6a7fd27823bc500d9390b38c05fa55",
      "rev_count": 895122,
      "rev_date": "2025-11-12T20:02:36Z",
      "scrape_date": "2025-11-14T17:18:27.558244Z",
      "stabilities": [
        "staging",
        "unstable"
      ],
      "unfree": false,
      "version": "3.45.4",
      "outputs_to_install": [
        "out"
      ],
      "outputs": {
        "out": "/nix/store/s58zai5hj16wlksrkhp94vdp51qimnxv-go-task-3.45.4"
      },
      "system": "aarch64-linux",
      "group": "common",
      "priority": 5
    },
    {
      "attr_path": "go-task",
      "broken": false,
      "derivation": "/nix/store/j23lqisdr7a44i6cz65hiy954a6q57rw-go-task-3.45.4.drv",
      "description": "Task runner / simpler Make alternative written in Go",
      "install_id": "go-task",
      "license": "MIT",
      "locked_url": "https://github.com/flox/nixpkgs?rev=c5ae371f1a6a7fd27823bc500d9390b38c05fa55",
      "name": "go-task-3.45.4",
      "pname": "go-task",
      "rev": "c5ae371f1a6a7fd27823bc500d9390b38c05fa55",
      "rev_count": 895122,
      "rev_date": "2025-11-12T20:02:36Z",
      "scrape_date": "2025-11-14T17:52:17.887666Z",
      "stabilities": [
        "staging",
        "unstable"
      ],
      "unfree": false,
      "version": "3.45.4",
      "outputs_to_install": [
        "out"
      ],
      "outputs": {
        "out": "/nix/store/as9sj4v1adzplyzds719sjxidvrwysyy-go-task-3.45.4"
      },
      "system": "x86_64-darwin",
      "group": "common",
      "priority": 5
    },
    {
      "attr_path": "go-task",
      "broken": false,
      "derivation": "/nix/store/pcxvlzvwl4rj0mk3ihvaqkk0adlg8r6h-go-task-3.45.4.drv",
      "description": "Task runner / simpler Make alternative written in Go",
      "install_id": "go-task",
      "license": "MIT",
      "locked_url": "https://github.com/flox/nixpkgs?rev=c5ae371f1a6a7fd27823bc500d9390b38c05fa55",
      "name": "go-task-3.45.4",
      "pname": "go-task",
      "rev": "c5ae371f1a6a7fd27823bc500d9390b38c05fa55",
      "rev_count": 895122,
      "rev_date": "2025-11-12T20:02:36Z",
      "scrape_date": "2025-11-14T18:31:38.952067Z",
      "stabilities": [
        "staging",
        "unstable"
      ],
      "unfree": false,
      "version": "3.45.4",
      "outputs_to_install": [
        "out"
      ],
      "outputs": {
        "out": "/nix/store/ci8q0hyph46x7n9sq5wz7v2799ny6q40-go-task-3.45.4"
      },
      "system": "x86_64-linux",
      "group": "common",
      "priority": 5
    },
    {
      "attr_path": "golangci-lint",
      "broken": false,
      "derivation": "/nix/store/xrcc2a8dmpx7i7yz3zhhryybacvr7lrk-golangci-lint-2.6.1.drv",
      "description": "Fast linters Runner for Go",
      "install_id": "golangci-lint",
      "license": "GPL-3.0-or-later",
      "locked_url": "https://github.com/flox/nixpkgs?rev=c5ae371f1a6a7fd27823bc500d9390b38c05fa55",
      "name": "golangci-lint-2.6.1",
      "pname": "golangci-lint",
      "rev": "c5ae371f1a6a7fd27823bc500d9390b38c05fa55",
      "rev_count": 895122,
      "rev_date": "2025-11-12T20:02:36Z",
      "scrape_date": "2025-11-14T16:41:16.802710Z",
      "stabilities": [
        "staging",
        "unstable"
      ],
      "unfree": false,
      "version": "2.6.1",
      "outputs_to_install": [
        "out"
      ],
      "outputs": {
        "out": "/nix/store/cy50a617i5l0y6gijczcs032xd7pa27x-golangci-lint-2.6.1"
      },
      "system": "aarch64-darwin",
      "group": "common",
      "priority": 5
    },
    {
      "attr_path": "golangci-lint",
      "broken": false,
      "derivation": "/nix/store/mbfih0b4vbda5klbgpgich0x3l8dx5wh-golangci-lint-2.6.1.drv",
      "description": "Fast linters Runner for Go",
      "install_id": "golangci-lint",
      "license": "GPL-3.0-or-later",
      "locked_url": "https://github.com/flox/nixpkgs?rev=c5ae371f1a6a7fd27823bc500d9390b38c05fa55",
      "name": "golangci-lint-2.6.1",
      "pname": "golangci-lint",
      "rev": "c5ae371f1a6a7fd27823bc500d9390b38c05fa55",
      "rev_count": 895122,
      "rev_date": "2025-11-12T20:02:36Z",
      "scrape_date": "2025-11-14T17:18:27.618293Z",
      "stabilities": [
        "staging",
        "unstable"
      ],
      "unfree": false,
      "version": "2.6.1",
      "outputs_to_install": [
        "out"
      ],
      "outputs": {
        "out": "/nix/store/i4m413580nj7n2z1c4scv6wprvyf6n4x-golangci-lint-2.6.1"
      },
      "system": "aarch64-linux",
      "group": "common",
      "priority": 5
    },
    {
      "attr_path": "golangci-lint",
      "broken": false,
      "derivation": "/nix/store/jd9ar146vg9q6jkwdch4bxxvhs81cgy6-golangci-lint-2.6.1.drv",
      "description": "Fast linters Runner for Go",
      "install_id": "golangci-lint",
      "license": "GPL-3.0-or-later",
      "locked_url": "https://github.com/flox/nixpkgs?rev=c5ae371f1a6a7fd27823bc500d9390b38c05fa55",
      "name": "golangci-lint-2.6.1",
      "pname": "golangci-lint",
      "rev": "c5ae371f1a6a7fd27823bc500d9390b38c05fa55",
      "rev_count": 895122,
      "rev_date": "2025-11-12T20:02:36Z",
      "scrape_date": "2025-11-14T17:52:17.916916Z",
      "stabilities": [
        "staging",
        "unstable"
      ],
      "unfree": false,
      "version": "2.6.1",
      "outputs_to_install": [
        "out"
      ],
      "outputs": {
        "out": "/nix/store/zciljzhgs4wa9psdfp42jykw15r5p4l1-golangci-lint-2.6.1"
      },
      "system": "x86_64-darwin",
      "group": "common",
      "priority": 5
    },
    {
      "attr_path": "golangci-lint",
      "broken": false,
      "derivation": "/nix/store/nxwc29nhmsain7s5rhs7m258nak5l70s-golangci-lint-2.6.1.drv",
      "description": "Fast linters Runner for Go",
      "install_id": "golangci-lint",
      "license": "GPL-3.0-or-later",
      "locked_url": "https://github.com/flox/nixpkgs?rev=c5ae371f1a6a7fd27823bc500d9390b38c05fa55",
      "name": "golangci-lint-2.6.1",
      "pname": "golangci-lint",
      "rev": "c5ae371f1a6a7fd27823bc500d9390b38c05fa55",
      "rev_count": 895122,
      "rev_date": "2025-11-12T20:02:36Z",
      "scrape_date": "2025-11-14T18:31:39.010012Z",
      "stabilities": [
        "staging",
        "unstable"
      ],
      "unfree": false,
      "version": "2.6.1",
      "outputs_to_install": [
        "out"
      ],
      "outputs": {
        "out": "/nix/store/wi22pwgwdbxky7nbaa5b89bg0z26byvk-golangci-lint-2.6.1"
      },
      "system": "x86_64-linux",
      "group": "common",
      "priority": 5
    },
    {
      "attr_path": "go",
      "broken": false,
      "derivation": "/nix/store/2xb67c4l9xxlrvaxa9ilgg33h591scjf-go-1.25.2.drv",
      "description": "Go Programming language",
      "install_id": "go",
      "license": "BSD-3-Clause",
      "locked_url": "https://github.com/flox/nixpkgs?rev=b3d51a0365f6695e7dd5cdf3e180604530ed33b4",
      "name": "go-1.25.2",
      "pname": "go",
      "rev": "b3d51a0365f6695e7dd5cdf3e180604530ed33b4",
      "rev_count": 888552,
      "rev_date": "2025-11-02T19:18:41Z",
      "scrape_date": "2025-11-04T00:35:19.240817Z",
      "stabilities": [
        "unstable"
      ],
      "unfree": false,
      "version": "1.25.2",
      "outputs_to_install": [
        "out"
      ],
      "outputs": {
        "out": "/nix/store/nkhf1yv637cp91y79zap7jxmm98v8pvj-go-1.25.2"
      },
      "system": "aarch64-darwin",
      "group": "toplevel",
      "priority": 5
    },
    {
      "attr_path": "go",
      "broken": false,
      "derivation": "/nix/store/rcv50wc3xkxlq1xbjsas1fgr5rbwk337-go-1.25.2.drv",
      "description": "Go Programming language",
      "install_id": "go",
      "license": "BSD-3-Clause",
      "locked_url": "https://github.com/flox/nixpkgs?rev=b3d51a0365f6695e7dd5cdf3e180604530ed33b4",
      "name": "go-1.25.2",
      "pname": "go",
      "rev": "b3d51a0365f6695e7dd5cdf3e180604530ed33b4",
      "rev_count": 888552,
      "rev_date": "2025-11-02T19:18:41Z",
      "scrape_date": "2025-11-05T16:28:59.326449Z",
      "stabilities": [
        "unstable"
      ],
      "unfree": false,
      "version": "1.25.2",
      "outputs_to_install": [
        "out"
      ],
      "outputs": {
        "out": "/nix/store/p1d8jb1k4db3aiqwyp8b1kw4mja3qygx-go-1.25.2"
      },
      "system": "aarch64-linux",
      "group": "toplevel",
      "priority": 5
    },
    {
      "attr_path": "go",
      "broken": false,
      "derivation": "/nix/store/1pkqcd6nfpd80zz7zww5jl8srgp0sx96-go-1.25.2.drv",
      "description": "Go Programming language",
      "install_id": "go",
      "license": "BSD-3-Clause",
      "locked_url": "https://github.com/flox/nixpkgs?rev=b3d51a0365f6695e7dd5cdf3e180604530ed33b4",
      "name": "go-1.25.2",
      "pname": "go",
      "rev": "b3d51a0365f6695e7dd5cdf3e180604530ed33b4",
      "rev_count": 888552,
      "rev_date": "2025-11-02T19:18:41Z",
      "scrape_date": "2025-11-05T16:54:58.294187Z",
      "stabilities": [
        "unstable"
      ],
      "unfree": false,
      "version": "1.25.2",
      "outputs_to_install": [
        "out"
      ],
      "outputs": {
        "out": "/nix/store/xvwacgkf3x446qq3mdsh3v13f8935wa3-go-1.25.2"
      },
      "system": "x86_64-darwin",
      "group": "toplevel",
      "priority": 5
    },
    {
      "attr_path": "go",
      "broken": false,
      "derivation": "/nix/store/zffz4bwhyymy1l87064qgcyzfgqzlcz6-go-1.25.2.drv",
      "description": "Go Programming language",
      "install_id": "go",
      "license": "BSD-3-Clause",
      "locked_url": "https://github.com/flox/nixpkgs?rev=b3d51a0365f6695e7dd5cdf3e180604530ed33b4",
      "name": "go-1.25.2",
      "pname": "go",
      "rev": "b3d51a0365f6695e7dd5cdf3e180604530ed33b4",
      "rev_count": 888552,
      "rev_date": "2025-11-02T19:18:41Z",
      "scrape_date": "2025-11-05T17:20:48.815668Z",
      "stabilities": [
        "unstable"
      ],
      "unfree": false,
      "version": "1.25.2",
      "outputs_to_install": [
        "out"
      ],
      "outputs": {
        "out": "/nix/store/k1kn1c59ss7nq6agdppzq3krwmi3xqy4-go-1.25.2"
      },
      "system": "x86_64-linux",
      "group": "toplevel",
      "priority": 5
    }
  ]
}
